{
  "lockVersion": 1,
  "packages": {
    "evg": {
      "git": "https://github.com/terotests/evg.git",
      "rev": "646def1a381b1f48417323b3d0f9987cd8f14a18",
      "subdir": "storm",
      "sha256": "9d6bf6e7436240cd2a05f448bd6a156ddcc5c1ba96ee0312cd8641dcdb6ed0bd"
    },
    "componentengine": {
      "git": "https://github.com/terotests/componentengine.git",
      "rev": "32435100570ed4b8d08d94f8392c4c9f63bc5e45",
      "subdir": "engine",
      "sha256": "4b90dd8c3c8ac44c48bf1bbf00374fc2fa3725c9b562cd4275d1f2927f3a4b4d"
    },
    "cer": {
      "git": "https://github.com/terotests/componentengine.git",
      "rev": "32435100570ed4b8d08d94f8392c4c9f63bc5e45",
      "subdir": "cer",
      "sha256": "87c8253fe59723e6df52e56490306c0624e6960d37d28e3edaa859298793f5e3"
    },
    "vela": {
      "git": "https://github.com/terotests/VelaCharts.git",
      "rev": "8747b4f51d2d29a93aea754d116a4186df5df247",
      "subdir": "vela",
      "sha256": "b6b2ccc2821fb79e9f17aaef3860dd9f6b8d5cf22404a8967b346465c62dd1f5"
    },
    "zip": {
      "path": "lib/zip"
    },
    "ts_parser": {
      "path": "gallery/ts_parser"
    },
    "image": {
      "git": "https://github.com/terotests/evg.git",
      "rev": "646def1a381b1f48417323b3d0f9987cd8f14a18",
      "subdir": "image",
      "sha256": "ab9804949d5564dc802d6f236fff9f701519213add55d2b03b217ee50d369076"
    }
  }
}
